
Microsoft Visual Studio Solution File, Format Version 12.00
# Visual Studio 2012
Project("{FAE04EC0-301F-11D3-BF4B-00C04F79EFBC}") = "cng2jpg", "cng2jpg\cng2jpg.csproj", "{1569D252-CFAA-42A5-8041-46764080321E}"
EndProject
Global
	GlobalSection(SolutionConfigurationPlatforms) = preSolution
		Debug|Any CPU = Debug|Any CPU
		Release|Any CPU = Release|Any CPU
	EndGlobalSection
	GlobalSection(ProjectConfigurationPlatforms) = postSolution
		{1569D252-CFAA-42A5-8041-46764080321E}.Debug|Any CPU.ActiveCfg = Debug|Any CPU
		{1569D252-CFAA-42A5-8041-46764080321E}.Debug|Any CPU.Build.0 = Debug|Any CPU
		{1569D252-CFAA-42A5-8041-46764080321E}.Release|Any CPU.ActiveCfg = Release|Any CPU
		{1569D252-CFAA-42A5-8041-46764080321E}.Release|Any CPU.Build.0 = Release|Any CPU
	EndGlobalSection
	GlobalSection(SolutionProperties) = preSolution
		HideSolutionNode = FALSE
	EndGlobalSection
EndGlobal
